
Microsoft Visual Studio Solution File, Format Version 12.00
# Visual Studio 15
VisualStudioVersion = 15.0.26430.15
MinimumVisualStudioVersion = 10.0.40219.1
Project("{FAE04EC0-301F-11D3-BF4B-00C04F79EFBC}") = "BOOKING_AUDIENCES.Android", "BOOKING_AUDIENCES\BOOKING_AUDIENCES.Android\BOOKING_AUDIENCES.Android.csproj", "{89A52E7E-0E3C-4791-86AE-F75B46A91D51}"
EndProject
Project("{FAE04EC0-301F-11D3-BF4B-00C04F79EFBC}") = "BOOKING_AUDIENCES", "BOOKING_AUDIENCES\BOOKING_AUDIENCES\BOOKING_AUDIENCES.csproj", "{A673B8F2-E476-46C6-AABE-977E513EDE9D}"
EndProject
Project("{FAE04EC0-301F-11D3-BF4B-00C04F79EFBC}") = "BOOKING_AUDIENCES.iOS", "BOOKING_AUDIENCES\BOOKING_AUDIENCES.iOS\BOOKING_AUDIENCES.iOS.csproj", "{9CA75846-52CE-417B-865E-49C92A1E959D}"
EndProject
Global
	GlobalSection(SolutionConfigurationPlatforms) = preSolution
		Ad-Hoc|Any CPU = Ad-Hoc|Any CPU
		Ad-Hoc|iPhone = Ad-Hoc|iPhone
		Ad-Hoc|iPhoneSimulator = Ad-Hoc|iPhoneSimulator
		AppStore|Any CPU = AppStore|Any CPU
		AppStore|iPhone = AppStore|iPhone
		AppStore|iPhoneSimulator = AppStore|iPhoneSimulator
		Debug|Any CPU = Debug|Any CPU
		Debug|iPhone = Debug|iPhone
		Debug|iPhoneSimulator = Debug|iPhoneSimulator
		Release|Any CPU = Release|Any CPU
		Release|iPhone = Release|iPhone
		Release|iPhoneSimulator = Release|iPhoneSimulator
	EndGlobalSection
	GlobalSection(ProjectConfigurationPlatforms) = postSolution
		{89A52E7E-0E3C-4791-86AE-F75B46A91D51}.Ad-Hoc|Any CPU.ActiveCfg = Release|Any CPU
		{89A52E7E-0E3C-4791-86AE-F75B46A91D51}.Ad-Hoc|Any CPU.Build.0 = Release|Any CPU
		{89A52E7E-0E3C-4791-86AE-F75B46A91D51}.Ad-Hoc|Any CPU.Deploy.0 = Release|Any CPU
		{89A52E7E-0E3C-4791-86AE-F75B46A91D51}.Ad-Hoc|iPhone.ActiveCfg = Release|Any CPU
		{89A52E7E-0E3C-4791-86AE-F75B46A91D51}.Ad-Hoc|iPhone.Build.0 = Release|Any CPU
		{89A52E7E-0E3C-4791-86AE-F75B46A91D51}.Ad-Hoc|iPhone.Deploy.0 = Release|Any CPU
		{89A52E7E-0E3C-4791-86AE-F75B46A91D51}.Ad-Hoc|iPhoneSimulator.ActiveCfg = Release|Any CPU
		{89A52E7E-0E3C-4791-86AE-F75B46A91D51}.Ad-Hoc|iPhoneSimulator.Build.0 = Release|Any CPU
		{89A52E7E-0E3C-4791-86AE-F75B46A91D51}.Ad-Hoc|iPhoneSimulator.Deploy.0 = Release|Any CPU
		{89A52E7E-0E3C-4791-86AE-F75B46A91D51}.AppStore|Any CPU.ActiveCfg = Release|Any CPU
		{89A52E7E-0E3C-4791-86AE-F75B46A91D51}.AppStore|Any CPU.Build.0 = Release|Any CPU
		{89A52E7E-0E3C-4791-86AE-F75B46A91D51}.AppStore|Any CPU.Deploy.0 = Release|Any CPU
		{89A52E7E-0E3C-4791-86AE-F75B46A91D51}.AppStore|iPhone.ActiveCfg = Release|Any CPU
		{89A52E7E-0E3C-4791-86AE-F75B46A91D51}.AppStore|iPhone.Build.0 = Release|Any CPU
		{89A52E7E-0E3C-4791-86AE-F75B46A91D51}.AppStore|iPhone.Deploy.0 = Release|Any CPU
		{89A52E7E-0E3C-4791-86AE-F75B46A91D51}.AppStore|iPhoneSimulator.ActiveCfg = Release|Any CPU
		{89A52E7E-0E3C-4791-86AE-F75B46A91D51}.AppStore|iPhoneSimulator.Build.0 = Release|Any CPU
		{89A52E7E-0E3C-4791-86AE-F75B46A91D51}.AppStore|iPhoneSimulator.Deploy.0 = Release|Any CPU
		{89A52E7E-0E3C-4791-86AE-F75B46A91D51}.Debug|Any CPU.ActiveCfg = Debug|Any CPU
		{89A52E7E-0E3C-4791-86AE-F75B46A91D51}.Debug|Any CPU.Build.0 = Debug|Any CPU
		{89A52E7E-0E3C-4791-86AE-F75B46A91D51}.Debug|Any CPU.Deploy.0 = Debug|Any CPU
		{89A52E7E-0E3C-4791-86AE-F75B46A91D51}.Debug|iPhone.ActiveCfg = Debug|Any CPU
		{89A52E7E-0E3C-4791-86AE-F75B46A91D51}.Debug|iPhone.Build.0 = Debug|Any CPU
		{89A52E7E-0E3C-4791-86AE-F75B46A91D51}.Debug|iPhone.Deploy.0 = Debug|Any CPU
		{89A52E7E-0E3C-4791-86AE-F75B46A91D51}.Debug|iPhoneSimulator.ActiveCfg = Debug|Any CPU
		{89A52E7E-0E3C-4791-86AE-F75B46A91D51}.Debug|iPhoneSimulator.Build.0 = Debug|Any CPU
		{89A52E7E-0E3C-4791-86AE-F75B46A91D51}.Debug|iPhoneSimulator.Deploy.0 = Debug|Any CPU
		{89A52E7E-0E3C-4791-86AE-F75B46A91D51}.Release|Any CPU.ActiveCfg = Release|Any CPU
		{89A52E7E-0E3C-4791-86AE-F75B46A91D51}.Release|Any CPU.Build.0 = Release|Any CPU
		{89A52E7E-0E3C-4791-86AE-F75B46A91D51}.Release|Any CPU.Deploy.0 = Release|Any CPU
		{89A52E7E-0E3C-4791-86AE-F75B46A91D51}.Release|iPhone.ActiveCfg = Release|Any CPU
		{89A52E7E-0E3C-4791-86AE-F75B46A91D51}.Release|iPhone.Build.0 = Release|Any CPU
		{89A52E7E-0E3C-4791-86AE-F75B46A91D51}.Release|iPhone.Deploy.0 = Release|Any CPU
		{89A52E7E-0E3C-4791-86AE-F75B46A91D51}.Release|iPhoneSimulator.ActiveCfg = Release|Any CPU
		{89A52E7E-0E3C-4791-86AE-F75B46A91D51}.Release|iPhoneSimulator.Build.0 = Release|Any CPU
		{89A52E7E-0E3C-4791-86AE-F75B46A91D51}.Release|iPhoneSimulator.Deploy.0 = Release|Any CPU
		{A673B8F2-E476-46C6-AABE-977E513EDE9D}.Ad-Hoc|Any CPU.ActiveCfg = Release|Any CPU
		{A673B8F2-E476-46C6-AABE-977E513EDE9D}.Ad-Hoc|Any CPU.Build.0 = Release|Any CPU
		{A673B8F2-E476-46C6-AABE-977E513EDE9D}.Ad-Hoc|iPhone.ActiveCfg = Release|Any CPU
		{A673B8F2-E476-46C6-AABE-977E513EDE9D}.Ad-Hoc|iPhone.Build.0 = Release|Any CPU
		{A673B8F2-E476-46C6-AABE-977E513EDE9D}.Ad-Hoc|iPhoneSimulator.ActiveCfg = Release|Any CPU
		{A673B8F2-E476-46C6-AABE-977E513EDE9D}.Ad-Hoc|iPhoneSimulator.Build.0 = Release|Any CPU
		{A673B8F2-E476-46C6-AABE-977E513EDE9D}.AppStore|Any CPU.ActiveCfg = Release|Any CPU
		{A673B8F2-E476-46C6-AABE-977E513EDE9D}.AppStore|Any CPU.Build.0 = Release|Any CPU
		{A673B8F2-E476-46C6-AABE-977E513EDE9D}.AppStore|iPhone.ActiveCfg = Release|Any CPU
		{A673B8F2-E476-46C6-AABE-977E513EDE9D}.AppStore|iPhone.Build.0 = Release|Any CPU
		{A673B8F2-E476-46C6-AABE-977E513EDE9D}.AppStore|iPhoneSimulator.ActiveCfg = Release|Any CPU
		{A673B8F2-E476-46C6-AABE-977E513EDE9D}.AppStore|iPhoneSimulator.Build.0 = Release|Any CPU
		{A673B8F2-E476-46C6-AABE-977E513EDE9D}.Debug|Any CPU.ActiveCfg = Debug|Any CPU
		{A673B8F2-E476-46C6-AABE-977E513EDE9D}.Debug|Any CPU.Build.0 = Debug|Any CPU
		{A673B8F2-E476-46C6-AABE-977E513EDE9D}.Debug|iPhone.ActiveCfg = Debug|Any CPU
		{A673B8F2-E476-46C6-AABE-977E513EDE9D}.Debug|iPhone.Build.0 = Debug|Any CPU
		{A673B8F2-E476-46C6-AABE-977E513EDE9D}.Debug|iPhoneSimulator.ActiveCfg = Debug|Any CPU
		{A673B8F2-E476-46C6-AABE-977E513EDE9D}.Debug|iPhoneSimulator.Build.0 = Debug|Any CPU
		{A673B8F2-E476-46C6-AABE-977E513EDE9D}.Release|Any CPU.ActiveCfg = Release|Any CPU
		{A673B8F2-E476-46C6-AABE-977E513EDE9D}.Release|Any CPU.Build.0 = Release|Any CPU
		{A673B8F2-E476-46C6-AABE-977E513EDE9D}.Release|iPhone.ActiveCfg = Release|Any CPU
		{A673B8F2-E476-46C6-AABE-977E513EDE9D}.Release|iPhone.Build.0 = Release|Any CPU
		{A673B8F2-E476-46C6-AABE-977E513EDE9D}.Release|iPhoneSimulator.ActiveCfg = Release|Any CPU
		{A673B8F2-E476-46C6-AABE-977E513EDE9D}.Release|iPhoneSimulator.Build.0 = Release|Any CPU
		{9CA75846-52CE-417B-865E-49C92A1E959D}.Ad-Hoc|Any CPU.ActiveCfg = Ad-Hoc|iPhone
		{9CA75846-52CE-417B-865E-49C92A1E959D}.Ad-Hoc|iPhone.ActiveCfg = Ad-Hoc|iPhone
		{9CA75846-52CE-417B-865E-49C92A1E959D}.Ad-Hoc|iPhone.Build.0 = Ad-Hoc|iPhone
		{9CA75846-52CE-417B-865E-49C92A1E959D}.Ad-Hoc|iPhoneSimulator.ActiveCfg = Ad-Hoc|iPhoneSimulator
		{9CA75846-52CE-417B-865E-49C92A1E959D}.Ad-Hoc|iPhoneSimulator.Build.0 = Ad-Hoc|iPhoneSimulator
		{9CA75846-52CE-417B-865E-49C92A1E959D}.AppStore|Any CPU.ActiveCfg = AppStore|iPhone
		{9CA75846-52CE-417B-865E-49C92A1E959D}.AppStore|iPhone.ActiveCfg = AppStore|iPhone
		{9CA75846-52CE-417B-865E-49C92A1E959D}.AppStore|iPhone.Build.0 = AppStore|iPhone
		{9CA75846-52CE-417B-865E-49C92A1E959D}.AppStore|iPhoneSimulator.ActiveCfg = AppStore|iPhoneSimulator
		{9CA75846-52CE-417B-865E-49C92A1E959D}.AppStore|iPhoneSimulator.Build.0 = AppStore|iPhoneSimulator
		{9CA75846-52CE-417B-865E-49C92A1E959D}.Debug|Any CPU.ActiveCfg = Debug|iPhone
		{9CA75846-52CE-417B-865E-49C92A1E959D}.Debug|iPhone.ActiveCfg = Debug|iPhone
		{9CA75846-52CE-417B-865E-49C92A1E959D}.Debug|iPhone.Build.0 = Debug|iPhone
		{9CA75846-52CE-417B-865E-49C92A1E959D}.Debug|iPhoneSimulator.ActiveCfg = Debug|iPhoneSimulator
		{9CA75846-52CE-417B-865E-49C92A1E959D}.Debug|iPhoneSimulator.Build.0 = Debug|iPhoneSimulator
		{9CA75846-52CE-417B-865E-49C92A1E959D}.Release|Any CPU.ActiveCfg = Release|iPhone
		{9CA75846-52CE-417B-865E-49C92A1E959D}.Release|iPhone.ActiveCfg = Release|iPhone
		{9CA75846-52CE-417B-865E-49C92A1E959D}.Release|iPhone.Build.0 = Release|iPhone
		{9CA75846-52CE-417B-865E-49C92A1E959D}.Release|iPhoneSimulator.ActiveCfg = Release|iPhoneSimulator
		{9CA75846-52CE-417B-865E-49C92A1E959D}.Release|iPhoneSimulator.Build.0 = Release|iPhoneSimulator
	EndGlobalSection
	GlobalSection(SolutionProperties) = preSolution
		HideSolutionNode = FALSE
	EndGlobalSection
EndGlobal
